
Microsoft Visual Studio Solution File, Format Version 12.00
# Visual Studio 15
VisualStudioVersion = 15.0.27130.2024
MinimumVisualStudioVersion = 10.0.40219.1
Project("{8BC9CEB8-8B4A-11D0-8D11-00A0C91BC942}") = "ctf", "ctf\ctf.vcxproj", "{88EABB12-5075-49EB-8FC3-69490285B078}"
EndProject
Project("{8BC9CEB8-8B4A-11D0-8D11-00A0C91BC942}") = "game", "game\game.vcxproj", "{84324601-E9C8-4EF0-A1CB-DA27D63D4703}"
EndProject
Project("{8BC9CEB8-8B4A-11D0-8D11-00A0C91BC942}") = "quake2", "quake2.vcxproj", "{FCCC7437-EE7A-4D84-AB65-51FB7A051965}"
	ProjectSection(ProjectDependencies) = postProject
		{84324601-E9C8-4EF0-A1CB-DA27D63D4703} = {84324601-E9C8-4EF0-A1CB-DA27D63D4703}
		{E0E6F104-8887-49C4-A237-8BD639BE829C} = {E0E6F104-8887-49C4-A237-8BD639BE829C}
		{563D8207-BE85-4945-8720-7B7163258A89} = {563D8207-BE85-4945-8720-7B7163258A89}
		{59CD4B0D-F33C-4C09-A0DC-ECDAF62AC887} = {59CD4B0D-F33C-4C09-A0DC-ECDAF62AC887}
	EndProjectSection
EndProject
Project("{8BC9CEB8-8B4A-11D0-8D11-00A0C91BC942}") = "ref_gl", "ref_gl\ref_gl.vcxproj", "{6AE82FB1-E59F-4E32-9562-09398613C8B1}"
EndProject
Project("{8BC9CEB8-8B4A-11D0-8D11-00A0C91BC942}") = "ref_soft", "ref_soft\ref_soft.vcxproj", "{080C6865-8989-44D6-979B-4A50D7C6185B}"
EndProject
Project("{8BC9CEB8-8B4A-11D0-8D11-00A0C91BC942}") = "ref_dx12", "ref_dx12\ref_dx12.vcxproj", "{59CD4B0D-F33C-4C09-A0DC-ECDAF62AC887}"
EndProject
Project("{8BC9CEB8-8B4A-11D0-8D11-00A0C91BC942}") = "ref_dx11", "ref_dx11\ref_dx11.vcxproj", "{407F2CC5-77C9-438B-B38D-763403978416}"
	ProjectSection(ProjectDependencies) = postProject
		{E0E6F104-8887-49C4-A237-8BD639BE829C} = {E0E6F104-8887-49C4-A237-8BD639BE829C}
		{563D8207-BE85-4945-8720-7B7163258A89} = {563D8207-BE85-4945-8720-7B7163258A89}
	EndProjectSection
EndProject
Project("{8BC9CEB8-8B4A-11D0-8D11-00A0C91BC942}") = "hlsl_vertex", "hlsl_vertex\hlsl_vertex.vcxproj", "{E0E6F104-8887-49C4-A237-8BD639BE829C}"
EndProject
Project("{8BC9CEB8-8B4A-11D0-8D11-00A0C91BC942}") = "hlsl_pixel", "hlsl_pixel\hlsl_pixel.vcxproj", "{563D8207-BE85-4945-8720-7B7163258A89}"
EndProject
Global
	GlobalSection(SolutionConfigurationPlatforms) = preSolution
		Debug Alpha|x64 = Debug Alpha|x64
		Debug Alpha|x86 = Debug Alpha|x86
		Debug|x64 = Debug|x64
		Debug|x86 = Debug|x86
		Release Alpha|x64 = Release Alpha|x64
		Release Alpha|x86 = Release Alpha|x86
		Release|x64 = Release|x64
		Release|x86 = Release|x86
		Template|x64 = Template|x64
		Template|x86 = Template|x86
	EndGlobalSection
	GlobalSection(ProjectConfigurationPlatforms) = postSolution
		{88EABB12-5075-49EB-8FC3-69490285B078}.Debug Alpha|x64.ActiveCfg = Debug Alpha|Win32
		{88EABB12-5075-49EB-8FC3-69490285B078}.Debug Alpha|x86.ActiveCfg = Debug Alpha|Win32
		{88EABB12-5075-49EB-8FC3-69490285B078}.Debug Alpha|x86.Build.0 = Debug Alpha|Win32
		{88EABB12-5075-49EB-8FC3-69490285B078}.Debug|x64.ActiveCfg = Debug|Win32
		{88EABB12-5075-49EB-8FC3-69490285B078}.Debug|x86.ActiveCfg = Debug|Win32
		{88EABB12-5075-49EB-8FC3-69490285B078}.Debug|x86.Build.0 = Debug|Win32
		{88EABB12-5075-49EB-8FC3-69490285B078}.Release Alpha|x64.ActiveCfg = Release Alpha|Win32
		{88EABB12-5075-49EB-8FC3-69490285B078}.Release Alpha|x86.ActiveCfg = Release Alpha|Win32
		{88EABB12-5075-49EB-8FC3-69490285B078}.Release Alpha|x86.Build.0 = Release Alpha|Win32
		{88EABB12-5075-49EB-8FC3-69490285B078}.Release|x64.ActiveCfg = Release|Win32
		{88EABB12-5075-49EB-8FC3-69490285B078}.Release|x86.ActiveCfg = Release|Win32
		{88EABB12-5075-49EB-8FC3-69490285B078}.Release|x86.Build.0 = Release|Win32
		{88EABB12-5075-49EB-8FC3-69490285B078}.Template|x64.ActiveCfg = Release Alpha|Win32
		{88EABB12-5075-49EB-8FC3-69490285B078}.Template|x64.Build.0 = Release Alpha|Win32
		{88EABB12-5075-49EB-8FC3-69490285B078}.Template|x86.ActiveCfg = Release Alpha|Win32
		{88EABB12-5075-49EB-8FC3-69490285B078}.Template|x86.Build.0 = Release Alpha|Win32
		{84324601-E9C8-4EF0-A1CB-DA27D63D4703}.Debug Alpha|x64.ActiveCfg = Debug Alpha|Win32
		{84324601-E9C8-4EF0-A1CB-DA27D63D4703}.Debug Alpha|x86.ActiveCfg = Debug Alpha|Win32
		{84324601-E9C8-4EF0-A1CB-DA27D63D4703}.Debug Alpha|x86.Build.0 = Debug Alpha|Win32
		{84324601-E9C8-4EF0-A1CB-DA27D63D4703}.Debug|x64.ActiveCfg = Debug|Win32
		{84324601-E9C8-4EF0-A1CB-DA27D63D4703}.Debug|x86.ActiveCfg = Debug|Win32
		{84324601-E9C8-4EF0-A1CB-DA27D63D4703}.Debug|x86.Build.0 = Debug|Win32
		{84324601-E9C8-4EF0-A1CB-DA27D63D4703}.Release Alpha|x64.ActiveCfg = Release Alpha|Win32
		{84324601-E9C8-4EF0-A1CB-DA27D63D4703}.Release Alpha|x86.ActiveCfg = Release Alpha|Win32
		{84324601-E9C8-4EF0-A1CB-DA27D63D4703}.Release Alpha|x86.Build.0 = Release Alpha|Win32
		{84324601-E9C8-4EF0-A1CB-DA27D63D4703}.Release|x64.ActiveCfg = Release|Win32
		{84324601-E9C8-4EF0-A1CB-DA27D63D4703}.Release|x86.ActiveCfg = Release|Win32
		{84324601-E9C8-4EF0-A1CB-DA27D63D4703}.Release|x86.Build.0 = Release|Win32
		{84324601-E9C8-4EF0-A1CB-DA27D63D4703}.Template|x64.ActiveCfg = Template|Win32
		{84324601-E9C8-4EF0-A1CB-DA27D63D4703}.Template|x86.ActiveCfg = Template|Win32
		{84324601-E9C8-4EF0-A1CB-DA27D63D4703}.Template|x86.Build.0 = Template|Win32
		{FCCC7437-EE7A-4D84-AB65-51FB7A051965}.Debug Alpha|x64.ActiveCfg = Debug Alpha|Win32
		{FCCC7437-EE7A-4D84-AB65-51FB7A051965}.Debug Alpha|x86.ActiveCfg = Debug Alpha|Win32
		{FCCC7437-EE7A-4D84-AB65-51FB7A051965}.Debug Alpha|x86.Build.0 = Debug Alpha|Win32
		{FCCC7437-EE7A-4D84-AB65-51FB7A051965}.Debug|x64.ActiveCfg = Debug|Win32
		{FCCC7437-EE7A-4D84-AB65-51FB7A051965}.Debug|x86.ActiveCfg = Debug|Win32
		{FCCC7437-EE7A-4D84-AB65-51FB7A051965}.Debug|x86.Build.0 = Debug|Win32
		{FCCC7437-EE7A-4D84-AB65-51FB7A051965}.Release Alpha|x64.ActiveCfg = Release Alpha|Win32
		{FCCC7437-EE7A-4D84-AB65-51FB7A051965}.Release Alpha|x86.ActiveCfg = Release Alpha|Win32
		{FCCC7437-EE7A-4D84-AB65-51FB7A051965}.Release Alpha|x86.Build.0 = Release Alpha|Win32
		{FCCC7437-EE7A-4D84-AB65-51FB7A051965}.Release|x64.ActiveCfg = Release|Win32
		{FCCC7437-EE7A-4D84-AB65-51FB7A051965}.Release|x86.ActiveCfg = Release|Win32
		{FCCC7437-EE7A-4D84-AB65-51FB7A051965}.Release|x86.Build.0 = Release|Win32
		{FCCC7437-EE7A-4D84-AB65-51FB7A051965}.Template|x64.ActiveCfg = Template|Win32
		{FCCC7437-EE7A-4D84-AB65-51FB7A051965}.Template|x86.ActiveCfg = Template|Win32
		{FCCC7437-EE7A-4D84-AB65-51FB7A051965}.Template|x86.Build.0 = Template|Win32
		{6AE82FB1-E59F-4E32-9562-09398613C8B1}.Debug Alpha|x64.ActiveCfg = Debug Alpha|Win32
		{6AE82FB1-E59F-4E32-9562-09398613C8B1}.Debug Alpha|x86.ActiveCfg = Debug Alpha|Win32
		{6AE82FB1-E59F-4E32-9562-09398613C8B1}.Debug Alpha|x86.Build.0 = Debug Alpha|Win32
		{6AE82FB1-E59F-4E32-9562-09398613C8B1}.Debug|x64.ActiveCfg = Debug|Win32
		{6AE82FB1-E59F-4E32-9562-09398613C8B1}.Debug|x86.ActiveCfg = Debug|Win32
		{6AE82FB1-E59F-4E32-9562-09398613C8B1}.Debug|x86.Build.0 = Debug|Win32
		{6AE82FB1-E59F-4E32-9562-09398613C8B1}.Release Alpha|x64.ActiveCfg = Release Alpha|Win32
		{6AE82FB1-E59F-4E32-9562-09398613C8B1}.Release Alpha|x86.ActiveCfg = Release Alpha|Win32
		{6AE82FB1-E59F-4E32-9562-09398613C8B1}.Release Alpha|x86.Build.0 = Release Alpha|Win32
		{6AE82FB1-E59F-4E32-9562-09398613C8B1}.Release|x64.ActiveCfg = Release|Win32
		{6AE82FB1-E59F-4E32-9562-09398613C8B1}.Release|x86.ActiveCfg = Release|Win32
		{6AE82FB1-E59F-4E32-9562-09398613C8B1}.Release|x86.Build.0 = Release|Win32
		{6AE82FB1-E59F-4E32-9562-09398613C8B1}.Template|x64.ActiveCfg = Template|Win32
		{6AE82FB1-E59F-4E32-9562-09398613C8B1}.Template|x86.ActiveCfg = Template|Win32
		{6AE82FB1-E59F-4E32-9562-09398613C8B1}.Template|x86.Build.0 = Template|Win32
		{080C6865-8989-44D6-979B-4A50D7C6185B}.Debug Alpha|x64.ActiveCfg = Debug Alpha|Win32
		{080C6865-8989-44D6-979B-4A50D7C6185B}.Debug Alpha|x86.ActiveCfg = Debug Alpha|Win32
		{080C6865-8989-44D6-979B-4A50D7C6185B}.Debug Alpha|x86.Build.0 = Debug Alpha|Win32
		{080C6865-8989-44D6-979B-4A50D7C6185B}.Debug|x64.ActiveCfg = Debug|Win32
		{080C6865-8989-44D6-979B-4A50D7C6185B}.Debug|x86.ActiveCfg = Debug|Win32
		{080C6865-8989-44D6-979B-4A50D7C6185B}.Debug|x86.Build.0 = Debug|Win32
		{080C6865-8989-44D6-979B-4A50D7C6185B}.Release Alpha|x64.ActiveCfg = Release Alpha|Win32
		{080C6865-8989-44D6-979B-4A50D7C6185B}.Release Alpha|x86.ActiveCfg = Release Alpha|Win32
		{080C6865-8989-44D6-979B-4A50D7C6185B}.Release Alpha|x86.Build.0 = Release Alpha|Win32
		{080C6865-8989-44D6-979B-4A50D7C6185B}.Release|x64.ActiveCfg = Release|Win32
		{080C6865-8989-44D6-979B-4A50D7C6185B}.Release|x86.ActiveCfg = Release|Win32
		{080C6865-8989-44D6-979B-4A50D7C6185B}.Release|x86.Build.0 = Release|Win32
		{080C6865-8989-44D6-979B-4A50D7C6185B}.Template|x64.ActiveCfg = Release Alpha|Win32
		{080C6865-8989-44D6-979B-4A50D7C6185B}.Template|x64.Build.0 = Release Alpha|Win32
		{080C6865-8989-44D6-979B-4A50D7C6185B}.Template|x86.ActiveCfg = Release Alpha|Win32
		{080C6865-8989-44D6-979B-4A50D7C6185B}.Template|x86.Build.0 = Release Alpha|Win32
		{59CD4B0D-F33C-4C09-A0DC-ECDAF62AC887}.Debug Alpha|x64.ActiveCfg = Debug|x64
		{59CD4B0D-F33C-4C09-A0DC-ECDAF62AC887}.Debug Alpha|x64.Build.0 = Debug|x64
		{59CD4B0D-F33C-4C09-A0DC-ECDAF62AC887}.Debug Alpha|x86.ActiveCfg = Debug|Win32
		{59CD4B0D-F33C-4C09-A0DC-ECDAF62AC887}.Debug Alpha|x86.Build.0 = Debug|Win32
		{59CD4B0D-F33C-4C09-A0DC-ECDAF62AC887}.Debug|x64.ActiveCfg = Debug|x64
		{59CD4B0D-F33C-4C09-A0DC-ECDAF62AC887}.Debug|x64.Build.0 = Debug|x64
		{59CD4B0D-F33C-4C09-A0DC-ECDAF62AC887}.Debug|x86.ActiveCfg = Debug|Win32
		{59CD4B0D-F33C-4C09-A0DC-ECDAF62AC887}.Debug|x86.Build.0 = Debug|Win32
		{59CD4B0D-F33C-4C09-A0DC-ECDAF62AC887}.Release Alpha|x64.ActiveCfg = Release|x64
		{59CD4B0D-F33C-4C09-A0DC-ECDAF62AC887}.Release Alpha|x64.Build.0 = Release|x64
		{59CD4B0D-F33C-4C09-A0DC-ECDAF62AC887}.Release Alpha|x86.ActiveCfg = Release|Win32
		{59CD4B0D-F33C-4C09-A0DC-ECDAF62AC887}.Release Alpha|x86.Build.0 = Release|Win32
		{59CD4B0D-F33C-4C09-A0DC-ECDAF62AC887}.Release|x64.ActiveCfg = Release|x64
		{59CD4B0D-F33C-4C09-A0DC-ECDAF62AC887}.Release|x64.Build.0 = Release|x64
		{59CD4B0D-F33C-4C09-A0DC-ECDAF62AC887}.Release|x86.ActiveCfg = Release|Win32
		{59CD4B0D-F33C-4C09-A0DC-ECDAF62AC887}.Release|x86.Build.0 = Release|Win32
		{59CD4B0D-F33C-4C09-A0DC-ECDAF62AC887}.Template|x64.ActiveCfg = Release|x64
		{59CD4B0D-F33C-4C09-A0DC-ECDAF62AC887}.Template|x64.Build.0 = Release|x64
		{59CD4B0D-F33C-4C09-A0DC-ECDAF62AC887}.Template|x86.ActiveCfg = Release|Win32
		{59CD4B0D-F33C-4C09-A0DC-ECDAF62AC887}.Template|x86.Build.0 = Release|Win32
		{407F2CC5-77C9-438B-B38D-763403978416}.Debug Alpha|x64.ActiveCfg = Debug|x64
		{407F2CC5-77C9-438B-B38D-763403978416}.Debug Alpha|x64.Build.0 = Debug|x64
		{407F2CC5-77C9-438B-B38D-763403978416}.Debug Alpha|x86.ActiveCfg = Debug|Win32
		{407F2CC5-77C9-438B-B38D-763403978416}.Debug Alpha|x86.Build.0 = Debug|Win32
		{407F2CC5-77C9-438B-B38D-763403978416}.Debug|x64.ActiveCfg = Debug|x64
		{407F2CC5-77C9-438B-B38D-763403978416}.Debug|x64.Build.0 = Debug|x64
		{407F2CC5-77C9-438B-B38D-763403978416}.Debug|x86.ActiveCfg = Debug|Win32
		{407F2CC5-77C9-438B-B38D-763403978416}.Debug|x86.Build.0 = Debug|Win32
		{407F2CC5-77C9-438B-B38D-763403978416}.Release Alpha|x64.ActiveCfg = Release|x64
		{407F2CC5-77C9-438B-B38D-763403978416}.Release Alpha|x64.Build.0 = Release|x64
		{407F2CC5-77C9-438B-B38D-763403978416}.Release Alpha|x86.ActiveCfg = Release|Win32
		{407F2CC5-77C9-438B-B38D-763403978416}.Release Alpha|x86.Build.0 = Release|Win32
		{407F2CC5-77C9-438B-B38D-763403978416}.Release|x64.ActiveCfg = Release|x64
		{407F2CC5-77C9-438B-B38D-763403978416}.Release|x64.Build.0 = Release|x64
		{407F2CC5-77C9-438B-B38D-763403978416}.Release|x86.ActiveCfg = Release|Win32
		{407F2CC5-77C9-438B-B38D-763403978416}.Release|x86.Build.0 = Release|Win32
		{407F2CC5-77C9-438B-B38D-763403978416}.Template|x64.ActiveCfg = Release|x64
		{407F2CC5-77C9-438B-B38D-763403978416}.Template|x64.Build.0 = Release|x64
		{407F2CC5-77C9-438B-B38D-763403978416}.Template|x86.ActiveCfg = Release|Win32
		{407F2CC5-77C9-438B-B38D-763403978416}.Template|x86.Build.0 = Release|Win32
		{E0E6F104-8887-49C4-A237-8BD639BE829C}.Debug Alpha|x64.ActiveCfg = Debug|x64
		{E0E6F104-8887-49C4-A237-8BD639BE829C}.Debug Alpha|x64.Build.0 = Debug|x64
		{E0E6F104-8887-49C4-A237-8BD639BE829C}.Debug Alpha|x86.ActiveCfg = Debug|Win32
		{E0E6F104-8887-49C4-A237-8BD639BE829C}.Debug Alpha|x86.Build.0 = Debug|Win32
		{E0E6F104-8887-49C4-A237-8BD639BE829C}.Debug|x64.ActiveCfg = Debug|x64
		{E0E6F104-8887-49C4-A237-8BD639BE829C}.Debug|x64.Build.0 = Debug|x64
		{E0E6F104-8887-49C4-A237-8BD639BE829C}.Debug|x86.ActiveCfg = Debug|Win32
		{E0E6F104-8887-49C4-A237-8BD639BE829C}.Debug|x86.Build.0 = Debug|Win32
		{E0E6F104-8887-49C4-A237-8BD639BE829C}.Release Alpha|x64.ActiveCfg = Release|x64
		{E0E6F104-8887-49C4-A237-8BD639BE829C}.Release Alpha|x64.Build.0 = Release|x64
		{E0E6F104-8887-49C4-A237-8BD639BE829C}.Release Alpha|x86.ActiveCfg = Release|Win32
		{E0E6F104-8887-49C4-A237-8BD639BE829C}.Release Alpha|x86.Build.0 = Release|Win32
		{E0E6F104-8887-49C4-A237-8BD639BE829C}.Release|x64.ActiveCfg = Release|x64
		{E0E6F104-8887-49C4-A237-8BD639BE829C}.Release|x64.Build.0 = Release|x64
		{E0E6F104-8887-49C4-A237-8BD639BE829C}.Release|x86.ActiveCfg = Release|Win32
		{E0E6F104-8887-49C4-A237-8BD639BE829C}.Release|x86.Build.0 = Release|Win32
		{E0E6F104-8887-49C4-A237-8BD639BE829C}.Template|x64.ActiveCfg = Release|x64
		{E0E6F104-8887-49C4-A237-8BD639BE829C}.Template|x64.Build.0 = Release|x64
		{E0E6F104-8887-49C4-A237-8BD639BE829C}.Template|x86.ActiveCfg = Release|Win32
		{E0E6F104-8887-49C4-A237-8BD639BE829C}.Template|x86.Build.0 = Release|Win32
		{563D8207-BE85-4945-8720-7B7163258A89}.Debug Alpha|x64.ActiveCfg = Debug|x64
		{563D8207-BE85-4945-8720-7B7163258A89}.Debug Alpha|x64.Build.0 = Debug|x64
		{563D8207-BE85-4945-8720-7B7163258A89}.Debug Alpha|x86.ActiveCfg = Debug|Win32
		{563D8207-BE85-4945-8720-7B7163258A89}.Debug Alpha|x86.Build.0 = Debug|Win32
		{563D8207-BE85-4945-8720-7B7163258A89}.Debug|x64.ActiveCfg = Debug|x64
		{563D8207-BE85-4945-8720-7B7163258A89}.Debug|x64.Build.0 = Debug|x64
		{563D8207-BE85-4945-8720-7B7163258A89}.Debug|x86.ActiveCfg = Debug|Win32
		{563D8207-BE85-4945-8720-7B7163258A89}.Debug|x86.Build.0 = Debug|Win32
		{563D8207-BE85-4945-8720-7B7163258A89}.Release Alpha|x64.ActiveCfg = Release|x64
		{563D8207-BE85-4945-8720-7B7163258A89}.Release Alpha|x64.Build.0 = Release|x64
		{563D8207-BE85-4945-8720-7B7163258A89}.Release Alpha|x86.ActiveCfg = Release|Win32
		{563D8207-BE85-4945-8720-7B7163258A89}.Release Alpha|x86.Build.0 = Release|Win32
		{563D8207-BE85-4945-8720-7B7163258A89}.Release|x64.ActiveCfg = Release|x64
		{563D8207-BE85-4945-8720-7B7163258A89}.Release|x64.Build.0 = Release|x64
		{563D8207-BE85-4945-8720-7B7163258A89}.Release|x86.ActiveCfg = Release|Win32
		{563D8207-BE85-4945-8720-7B7163258A89}.Release|x86.Build.0 = Release|Win32
		{563D8207-BE85-4945-8720-7B7163258A89}.Template|x64.ActiveCfg = Release|x64
		{563D8207-BE85-4945-8720-7B7163258A89}.Template|x64.Build.0 = Release|x64
		{563D8207-BE85-4945-8720-7B7163258A89}.Template|x86.ActiveCfg = Release|Win32
		{563D8207-BE85-4945-8720-7B7163258A89}.Template|x86.Build.0 = Release|Win32
	EndGlobalSection
	GlobalSection(SolutionProperties) = preSolution
		HideSolutionNode = FALSE
	EndGlobalSection
	GlobalSection(ExtensibilityGlobals) = postSolution
		SolutionGuid = {78B653B2-8152-4DE9-AA71-7412BE0643EE}
	EndGlobalSection
EndGlobal
