<?xml version="1.0" encoding="utf-8"?>
<Project ToolsVersion="4.0" xmlns="http://schemas.microsoft.com/developer/msbuild/2003">
  <ItemGroup>
    <Filter Include="Source Files">
      <UniqueIdentifier>{4FC737F1-C7A5-4376-A066-2A32D752A2FF}</UniqueIdentifier>
      <Extensions>cpp;c;cc;cxx;def;odl;idl;hpj;bat;asm;asmx</Extensions>
    </Filter>
    <Filter Include="Header Files">
      <UniqueIdentifier>{93995380-89BD-4b04-88EB-625FBE52EBFB}</UniqueIdentifier>
      <Extensions>h;hh;hpp;hxx;hm;inl;inc;xsd</Extensions>
    </Filter>
    <Filter Include="Resource Files">
      <UniqueIdentifier>{67DA6AB6-F800-4c08-8B7A-83BB121AAD01}</UniqueIdentifier>
      <Extensions>rc;ico;cur;bmp;dlg;rc2;rct;bin;rgs;gif;jpg;jpeg;jpe;resx;tiff;tif;png;wav;mfcribbon-ms</Extensions>
    </Filter>
    <Filter Include="Header Files\client">
      <UniqueIdentifier>{feec8154-09e5-4ae1-8334-903608bc90bf}</UniqueIdentifier>
    </Filter>
    <Filter Include="Header Files\game">
      <UniqueIdentifier>{4aef59c0-3a3e-4d6b-ba20-5ca76ab8e224}</UniqueIdentifier>
    </Filter>
    <Filter Include="Header Files\qcommon">
      <UniqueIdentifier>{62ede93f-d42d-4853-baad-e4e67b4bb07f}</UniqueIdentifier>
    </Filter>
    <Filter Include="Header Files\win32">
      <UniqueIdentifier>{7d1b45a4-491e-4014-a1fa-db9e4fb5b3aa}</UniqueIdentifier>
    </Filter>
    <Filter Include="Source Files\game">
      <UniqueIdentifier>{b343acb8-306f-42b5-8e9d-659834d5eb7a}</UniqueIdentifier>
    </Filter>
    <Filter Include="Source Files\win32">
      <UniqueIdentifier>{f37766eb-5a19-4dc8-876c-cc7c5dcd0ef5}</UniqueIdentifier>
    </Filter>
    <Filter Include="Header Files\d3dx">
      <UniqueIdentifier>{fe11c4b7-9bd4-4b5b-8dbf-47221f943aeb}</UniqueIdentifier>
    </Filter>
  </ItemGroup>
  <ItemGroup>
    <ClInclude Include="..\client\ref.h">
      <Filter>Header Files\client</Filter>
    </ClInclude>
    <ClInclude Include="..\game\q_shared.h">
      <Filter>Header Files\game</Filter>
    </ClInclude>
    <ClInclude Include="..\qcommon\qcommon.h">
      <Filter>Header Files\qcommon</Filter>
    </ClInclude>
    <ClInclude Include="..\qcommon\qfiles.h">
      <Filter>Header Files\qcommon</Filter>
    </ClInclude>
    <ClInclude Include="..\win32\winquake.h">
      <Filter>Header Files\win32</Filter>
    </ClInclude>
    <ClInclude Include="dx12_local.hpp">
      <Filter>Header Files</Filter>
    </ClInclude>
    <ClInclude Include="stdafx.h">
      <Filter>Header Files</Filter>
    </ClInclude>
    <ClInclude Include="dx12_client.hpp">
      <Filter>Header Files</Filter>
    </ClInclude>
    <ClInclude Include="dx12_draw.hpp">
      <Filter>Header Files</Filter>
    </ClInclude>
    <ClInclude Include="dx12_system.hpp">
      <Filter>Header Files</Filter>
    </ClInclude>
    <ClInclude Include="dx12_cvar.hpp">
      <Filter>Header Files</Filter>
    </ClInclude>
    <ClInclude Include="dx12_ref.hpp">
      <Filter>Header Files</Filter>
    </ClInclude>
    <ClInclude Include="dx12_image.hpp">
      <Filter>Header Files</Filter>
    </ClInclude>
    <ClInclude Include="d3dx12.h">
      <Filter>Header Files\d3dx</Filter>
    </ClInclude>
    <ClInclude Include="dx12_model.hpp">
      <Filter>Header Files</Filter>
    </ClInclude>
    <ClInclude Include="dx12_log.hpp">
      <Filter>Header Files</Filter>
    </ClInclude>
    <ClInclude Include="dx12_media.hpp">
      <Filter>Header Files</Filter>
    </ClInclude>
    <ClInclude Include="dx12_web.hpp">
      <Filter>Header Files</Filter>
    </ClInclude>
    <ClInclude Include="dx12_xplit.hpp">
      <Filter>Header Files</Filter>
    </ClInclude>
    <ClInclude Include="dx12_light.hpp">
      <Filter>Header Files</Filter>
    </ClInclude>
    <ClInclude Include="dx12_subsystemText.hpp">
      <Filter>Header Files</Filter>
    </ClInclude>
    <ClInclude Include="dx12_dx.hpp">
      <Filter>Header Files</Filter>
    </ClInclude>
    <ClInclude Include="dx12_quad2D.hpp">
      <Filter>Header Files</Filter>
    </ClInclude>
    <ClInclude Include="dx12_shader.hpp">
      <Filter>Header Files</Filter>
    </ClInclude>
    <ClInclude Include="dx12_subsystem2D.hpp">
      <Filter>Header Files</Filter>
    </ClInclude>
    <ClInclude Include="dx12_subsystem3D.hpp">
      <Filter>Header Files</Filter>
    </ClInclude>
    <ClInclude Include="dx12_map.hpp">
      <Filter>Header Files</Filter>
    </ClInclude>
    <ClInclude Include="dx12_bsp.hpp">
      <Filter>Header Files</Filter>
    </ClInclude>
  </ItemGroup>
  <ItemGroup>
    <ClCompile Include="dx12_main.cpp">
      <Filter>Source Files</Filter>
    </ClCompile>
    <ClCompile Include="dx12_api.cpp">
      <Filter>Source Files</Filter>
    </ClCompile>
    <ClCompile Include="dx12_client.cpp">
      <Filter>Source Files</Filter>
    </ClCompile>
    <ClCompile Include="dx12_draw.cpp">
      <Filter>Source Files</Filter>
    </ClCompile>
    <ClCompile Include="dx12_system.cpp">
      <Filter>Source Files</Filter>
    </ClCompile>
    <ClCompile Include="dx12_cvar.cpp">
      <Filter>Source Files</Filter>
    </ClCompile>
    <ClCompile Include="dx12_ref.cpp">
      <Filter>Source Files</Filter>
    </ClCompile>
    <ClCompile Include="dx12_image.cpp">
      <Filter>Source Files</Filter>
    </ClCompile>
    <ClCompile Include="dx12_log.cpp">
      <Filter>Source Files</Filter>
    </ClCompile>
    <ClCompile Include="dx12_web.cpp">
      <Filter>Source Files</Filter>
    </ClCompile>
    <ClCompile Include="dx12_xplit.cpp">
      <Filter>Source Files</Filter>
    </ClCompile>
    <ClCompile Include="dx12_subsystemText.cpp">
      <Filter>Source Files</Filter>
    </ClCompile>
    <ClCompile Include="dx12_dx.cpp">
      <Filter>Source Files</Filter>
    </ClCompile>
    <ClCompile Include="dx12_quad2D.cpp">
      <Filter>Source Files</Filter>
    </ClCompile>
    <ClCompile Include="dx12_shader.cpp">
      <Filter>Source Files</Filter>
    </ClCompile>
    <ClCompile Include="dx12_subsystem2D.cpp">
      <Filter>Source Files</Filter>
    </ClCompile>
    <ClCompile Include="dx12_subsystem3D.cpp">
      <Filter>Source Files</Filter>
    </ClCompile>
    <ClCompile Include="dx12_model.cpp">
      <Filter>Source Files</Filter>
    </ClCompile>
    <ClCompile Include="dx12_model_md2.cpp">
      <Filter>Source Files</Filter>
    </ClCompile>
    <ClCompile Include="dx12_model_md3.cpp">
      <Filter>Source Files</Filter>
    </ClCompile>
    <ClCompile Include="dx12_model_md4.cpp">
      <Filter>Source Files</Filter>
    </ClCompile>
    <ClCompile Include="dx12_model_md5.cpp">
      <Filter>Source Files</Filter>
    </ClCompile>
    <ClCompile Include="dx12_model_mdl.cpp">
      <Filter>Source Files</Filter>
    </ClCompile>
    <ClCompile Include="dx12_map.cpp">
      <Filter>Source Files</Filter>
    </ClCompile>
    <ClCompile Include="dx12_bsp.cpp">
      <Filter>Source Files</Filter>
    </ClCompile>
    <ClCompile Include="dx12_image_pcx.cpp">
      <Filter>Source Files</Filter>
    </ClCompile>
    <ClCompile Include="dx12_image_wal.cpp">
      <Filter>Source Files</Filter>
    </ClCompile>
    <ClCompile Include="q_shared.cpp">
      <Filter>Source Files</Filter>
    </ClCompile>
    <ClCompile Include="q_shwin.cpp">
      <Filter>Source Files</Filter>
    </ClCompile>
    <ClCompile Include="dx12_media.cpp">
      <Filter>Source Files</Filter>
    </ClCompile>
  </ItemGroup>
  <ItemGroup>
    <None Include="packages.config" />
  </ItemGroup>
</Project>