<?xml version="1.0" encoding="utf-8"?>
<Project ToolsVersion="4.0" xmlns="http://schemas.microsoft.com/developer/msbuild/2003">
  <ItemGroup>
    <Filter Include="Source Files">
      <UniqueIdentifier>{4FC737F1-C7A5-4376-A066-2A32D752A2FF}</UniqueIdentifier>
      <Extensions>cpp;c;cc;cxx;def;odl;idl;hpj;bat;asm;asmx</Extensions>
    </Filter>
    <Filter Include="Header Files">
      <UniqueIdentifier>{93995380-89BD-4b04-88EB-625FBE52EBFB}</UniqueIdentifier>
      <Extensions>h;hh;hpp;hxx;hm;inl;inc;xsd</Extensions>
    </Filter>
    <Filter Include="Resource Files">
      <UniqueIdentifier>{67DA6AB6-F800-4c08-8B7A-83BB121AAD01}</UniqueIdentifier>
      <Extensions>rc;ico;cur;bmp;dlg;rc2;rct;bin;rgs;gif;jpg;jpeg;jpe;resx;tiff;tif;png;wav;mfcribbon-ms</Extensions>
    </Filter>
    <Filter Include="Header Files\Q2base">
      <UniqueIdentifier>{ea1eb121-d409-4c62-8c39-f12a0f5b35cf}</UniqueIdentifier>
    </Filter>
    <Filter Include="Header Files\Q2base\client">
      <UniqueIdentifier>{feec8154-09e5-4ae1-8334-903608bc90bf}</UniqueIdentifier>
    </Filter>
    <Filter Include="Header Files\Q2base\game">
      <UniqueIdentifier>{4aef59c0-3a3e-4d6b-ba20-5ca76ab8e224}</UniqueIdentifier>
    </Filter>
    <Filter Include="Header Files\Q2base\qcommon">
      <UniqueIdentifier>{62ede93f-d42d-4853-baad-e4e67b4bb07f}</UniqueIdentifier>
    </Filter>
    <Filter Include="Header Files\Q2base\win32">
      <UniqueIdentifier>{7d1b45a4-491e-4014-a1fa-db9e4fb5b3aa}</UniqueIdentifier>
    </Filter>
    <Filter Include="Header Files\Frontend">
      <UniqueIdentifier>{dfeb097a-9bf0-4dd9-ac72-19a71eff5412}</UniqueIdentifier>
    </Filter>
    <Filter Include="Header Files\Backend">
      <UniqueIdentifier>{4c32b3cc-317f-4789-af9b-21ecccc06e7d}</UniqueIdentifier>
    </Filter>
    <Filter Include="Source Files\Q2base">
      <UniqueIdentifier>{76b4ef46-a6cb-4f43-8687-a215346c2862}</UniqueIdentifier>
    </Filter>
    <Filter Include="Source Files\Q2base\game">
      <UniqueIdentifier>{b343acb8-306f-42b5-8e9d-659834d5eb7a}</UniqueIdentifier>
    </Filter>
    <Filter Include="Source Files\Q2base\win32">
      <UniqueIdentifier>{f37766eb-5a19-4dc8-876c-cc7c5dcd0ef5}</UniqueIdentifier>
    </Filter>
    <Filter Include="Source Files\Frontend">
      <UniqueIdentifier>{8696a7a2-0704-4988-85e0-a42a014f4f46}</UniqueIdentifier>
    </Filter>
    <Filter Include="Source Files\Backend">
      <UniqueIdentifier>{c5b5a94e-02ad-4a9c-ac51-664af59cb15d}</UniqueIdentifier>
    </Filter>
  </ItemGroup>
  <ItemGroup>
    <ClInclude Include="..\client\ref.h">
      <Filter>Header Files\Q2base\client</Filter>
    </ClInclude>
    <ClInclude Include="..\game\q_shared.h">
      <Filter>Header Files\Q2base\game</Filter>
    </ClInclude>
    <ClInclude Include="..\qcommon\qcommon.h">
      <Filter>Header Files\Q2base\qcommon</Filter>
    </ClInclude>
    <ClInclude Include="..\qcommon\qfiles.h">
      <Filter>Header Files\Q2base\qcommon</Filter>
    </ClInclude>
    <ClInclude Include="..\win32\winquake.h">
      <Filter>Header Files\Q2base\win32</Filter>
    </ClInclude>
    <ClInclude Include="dx12_draw.hpp">
      <Filter>Header Files\Frontend</Filter>
    </ClInclude>
    <ClInclude Include="dx12_image.hpp">
      <Filter>Header Files\Frontend</Filter>
    </ClInclude>
    <ClInclude Include="dx12_xplit.hpp">
      <Filter>Header Files\Backend</Filter>
    </ClInclude>
    <ClInclude Include="dx12_resource.hpp">
      <Filter>Header Files\Backend</Filter>
    </ClInclude>
    <ClInclude Include="dx12_BLASBuffer.hpp">
      <Filter>Header Files\Backend</Filter>
    </ClInclude>
    <ClInclude Include="dx12_resourceBuffer.hpp">
      <Filter>Header Files\Backend</Filter>
    </ClInclude>
    <ClInclude Include="dx12_shader.hpp">
      <Filter>Header Files\Backend</Filter>
    </ClInclude>
    <ClInclude Include="dx12_subsystem2D.hpp">
      <Filter>Header Files\Backend</Filter>
    </ClInclude>
    <ClInclude Include="dx12_subsystem3D.hpp">
      <Filter>Header Files\Backend</Filter>
    </ClInclude>
    <ClInclude Include="dx12_subsystemText.hpp">
      <Filter>Header Files\Backend</Filter>
    </ClInclude>
    <ClInclude Include="dx12_system.hpp">
      <Filter>Header Files\Backend</Filter>
    </ClInclude>
    <ClInclude Include="dx12_testTriangle.hpp">
      <Filter>Header Files\Backend</Filter>
    </ClInclude>
    <ClInclude Include="dx12_texture.hpp">
      <Filter>Header Files\Backend</Filter>
    </ClInclude>
    <ClInclude Include="dx12_vertexBuffer.hpp">
      <Filter>Header Files\Backend</Filter>
    </ClInclude>
    <ClInclude Include="dx12_web.hpp">
      <Filter>Header Files\Backend</Filter>
    </ClInclude>
    <ClInclude Include="dx12_bottomLevelAccelerationStructure.hpp">
      <Filter>Header Files\Backend</Filter>
    </ClInclude>
    <ClInclude Include="dx12_bsp.hpp">
      <Filter>Header Files\Backend</Filter>
    </ClInclude>
    <ClInclude Include="dx12_commandList.hpp">
      <Filter>Header Files\Backend</Filter>
    </ClInclude>
    <ClInclude Include="dx12_constantBuffer2D.hpp">
      <Filter>Header Files\Backend</Filter>
    </ClInclude>
    <ClInclude Include="dx12_descriptorHeap.hpp">
      <Filter>Header Files\Backend</Filter>
    </ClInclude>
    <ClInclude Include="dx12_dx.hpp">
      <Filter>Header Files\Backend</Filter>
    </ClInclude>
    <ClInclude Include="dx12_indexBuffer.hpp">
      <Filter>Header Files\Backend</Filter>
    </ClInclude>
    <ClInclude Include="dx12_indexedGeometry2D.hpp">
      <Filter>Header Files\Backend</Filter>
    </ClInclude>
    <ClInclude Include="dx12_indexedGeometry3D.hpp">
      <Filter>Header Files\Backend</Filter>
    </ClInclude>
    <ClInclude Include="dx12_light.hpp">
      <Filter>Header Files\Backend</Filter>
    </ClInclude>
    <ClInclude Include="dx12_local.hpp">
      <Filter>Header Files\Backend</Filter>
    </ClInclude>
    <ClInclude Include="dx12_log.hpp">
      <Filter>Header Files\Backend</Filter>
    </ClInclude>
    <ClInclude Include="dx12_map.hpp">
      <Filter>Header Files\Backend</Filter>
    </ClInclude>
    <ClInclude Include="dx12_model.hpp">
      <Filter>Header Files\Backend</Filter>
    </ClInclude>
    <ClInclude Include="dx12_quad2D.hpp">
      <Filter>Header Files\Backend</Filter>
    </ClInclude>
    <ClInclude Include="stdafx.h">
      <Filter>Header Files\Backend</Filter>
    </ClInclude>
    <ClInclude Include="dx12_client.hpp">
      <Filter>Header Files\Frontend</Filter>
    </ClInclude>
    <ClInclude Include="dx12_cvar.hpp">
      <Filter>Header Files\Frontend</Filter>
    </ClInclude>
    <ClInclude Include="dx12_media.hpp">
      <Filter>Header Files\Frontend</Filter>
    </ClInclude>
    <ClInclude Include="dx12_ref.hpp">
      <Filter>Header Files\Frontend</Filter>
    </ClInclude>
    <ClInclude Include="dx12_raytracingBuffer.hpp">
      <Filter>Header Files\Backend</Filter>
    </ClInclude>
    <ClInclude Include="dx12_renderTarget.hpp">
      <Filter>Header Files\Backend</Filter>
    </ClInclude>
    <ClInclude Include="dx12_shaderBindingTable.hpp">
      <Filter>Header Files\Backend</Filter>
    </ClInclude>
    <ClInclude Include="dx12_dxrGlobalConstantsBuffer.hpp">
      <Filter>Header Files\Backend</Filter>
    </ClInclude>
    <ClInclude Include="dx12_entity.hpp">
      <Filter>Header Files\Backend</Filter>
    </ClInclude>
    <ClInclude Include="dx12_particle.hpp">
      <Filter>Header Files\Backend</Filter>
    </ClInclude>
    <ClInclude Include="dx12_material.hpp">
      <Filter>Header Files\Backend</Filter>
    </ClInclude>
  </ItemGroup>
  <ItemGroup>
    <ClCompile Include="dx12_api.cpp">
      <Filter>Source Files\Frontend</Filter>
    </ClCompile>
    <ClCompile Include="dx12_draw.cpp">
      <Filter>Source Files\Frontend</Filter>
    </ClCompile>
    <ClCompile Include="dx12_media.cpp">
      <Filter>Source Files\Frontend</Filter>
    </ClCompile>
    <ClCompile Include="dx12_system.cpp">
      <Filter>Source Files\Frontend</Filter>
    </ClCompile>
    <ClCompile Include="dx12_cvar.cpp">
      <Filter>Source Files\Frontend</Filter>
    </ClCompile>
    <ClCompile Include="dx12_client.cpp">
      <Filter>Source Files\Frontend</Filter>
    </ClCompile>
    <ClCompile Include="dx12_ref.cpp">
      <Filter>Source Files\Frontend</Filter>
    </ClCompile>
    <ClCompile Include="dx12_bottomLevelAccelerationStructure.cpp">
      <Filter>Source Files\Backend</Filter>
    </ClCompile>
    <ClCompile Include="dx12_bsp.cpp">
      <Filter>Source Files\Backend</Filter>
    </ClCompile>
    <ClCompile Include="dx12_bsp_v38.cpp">
      <Filter>Source Files\Backend</Filter>
    </ClCompile>
    <ClCompile Include="dx12_commandList.cpp">
      <Filter>Source Files\Backend</Filter>
    </ClCompile>
    <ClCompile Include="dx12_descriptorHeap.cpp">
      <Filter>Source Files\Backend</Filter>
    </ClCompile>
    <ClCompile Include="dx12_dx.cpp">
      <Filter>Source Files\Backend</Filter>
    </ClCompile>
    <ClCompile Include="dx12_image.cpp">
      <Filter>Source Files\Backend</Filter>
    </ClCompile>
    <ClCompile Include="dx12_image_manager.cpp">
      <Filter>Source Files\Backend</Filter>
    </ClCompile>
    <ClCompile Include="dx12_image_pcx.cpp">
      <Filter>Source Files\Backend</Filter>
    </ClCompile>
    <ClCompile Include="dx12_image_wal.cpp">
      <Filter>Source Files\Backend</Filter>
    </ClCompile>
    <ClCompile Include="dx12_indexedGeometry2D.cpp">
      <Filter>Source Files\Backend</Filter>
    </ClCompile>
    <ClCompile Include="dx12_indexedGeometry3D.cpp">
      <Filter>Source Files\Backend</Filter>
    </ClCompile>
    <ClCompile Include="dx12_log.cpp">
      <Filter>Source Files\Backend</Filter>
    </ClCompile>
    <ClCompile Include="dx12_main.cpp">
      <Filter>Source Files\Backend</Filter>
    </ClCompile>
    <ClCompile Include="dx12_map.cpp">
      <Filter>Source Files\Backend</Filter>
    </ClCompile>
    <ClCompile Include="dx12_model.cpp">
      <Filter>Source Files\Backend</Filter>
    </ClCompile>
    <ClCompile Include="dx12_model_manager.cpp">
      <Filter>Source Files\Backend</Filter>
    </ClCompile>
    <ClCompile Include="dx12_model_md2.cpp">
      <Filter>Source Files\Backend</Filter>
    </ClCompile>
    <ClCompile Include="dx12_model_md3.cpp">
      <Filter>Source Files\Backend</Filter>
    </ClCompile>
    <ClCompile Include="dx12_model_md4.cpp">
      <Filter>Source Files\Backend</Filter>
    </ClCompile>
    <ClCompile Include="dx12_model_md5.cpp">
      <Filter>Source Files\Backend</Filter>
    </ClCompile>
    <ClCompile Include="dx12_model_mdl.cpp">
      <Filter>Source Files\Backend</Filter>
    </ClCompile>
    <ClCompile Include="dx12_quad2D.cpp">
      <Filter>Source Files\Backend</Filter>
    </ClCompile>
    <ClCompile Include="dx12_resource_manager.cpp">
      <Filter>Source Files\Backend</Filter>
    </ClCompile>
    <ClCompile Include="dx12_BLASBuffer.cpp">
      <Filter>Source Files\Backend</Filter>
    </ClCompile>
    <ClCompile Include="dx12_resourceBuffer.cpp">
      <Filter>Source Files\Backend</Filter>
    </ClCompile>
    <ClCompile Include="dx12_shader.cpp">
      <Filter>Source Files\Backend</Filter>
    </ClCompile>
    <ClCompile Include="dx12_subsystem2D.cpp">
      <Filter>Source Files\Backend</Filter>
    </ClCompile>
    <ClCompile Include="dx12_subsystem3D.cpp">
      <Filter>Source Files\Backend</Filter>
    </ClCompile>
    <ClCompile Include="dx12_subsystemText.cpp">
      <Filter>Source Files\Backend</Filter>
    </ClCompile>
    <ClCompile Include="dx12_testTriangle.cpp">
      <Filter>Source Files\Backend</Filter>
    </ClCompile>
    <ClCompile Include="dx12_texture.cpp">
      <Filter>Source Files\Backend</Filter>
    </ClCompile>
    <ClCompile Include="dx12_web.cpp">
      <Filter>Source Files\Backend</Filter>
    </ClCompile>
    <ClCompile Include="dx12_xplit.cpp">
      <Filter>Source Files\Backend</Filter>
    </ClCompile>
    <ClCompile Include="dx12_shaderBindingTable.cpp">
      <Filter>Source Files\Backend</Filter>
    </ClCompile>
    <ClCompile Include="dx12_raytracingBuffer.cpp">
      <Filter>Source Files\Backend</Filter>
    </ClCompile>
    <ClCompile Include="dx12_renderTarget.cpp">
      <Filter>Source Files\Backend</Filter>
    </ClCompile>
    <ClCompile Include="dx12_image_tga.cpp">
      <Filter>Source Files\Backend</Filter>
    </ClCompile>
    <ClCompile Include="dx12_dxrGlobalConstantsBuffer.cpp">
      <Filter>Source Files\Backend</Filter>
    </ClCompile>
    <ClCompile Include="..\game\q_shared.c">
      <Filter>Source Files\Q2base\game</Filter>
    </ClCompile>
    <ClCompile Include="..\win32\q_shwin.c">
      <Filter>Source Files\Q2base\win32</Filter>
    </ClCompile>
  </ItemGroup>
  <ItemGroup>
    <None Include="packages.config" />
    <None Include="vcpkg.json" />
    <None Include="vcpkg-configuration.json" />
  </ItemGroup>
</Project>